
Microsoft Visual Studio Solution File, Format Version 12.00
# Visual Studio Version 17
VisualStudioVersion = 17.14.36127.28 d17.14
MinimumVisualStudioVersion = 10.0.40219.1
Project("{FAE04EC0-301F-11D3-BF4B-00C04F79EFBC}") = "Husian Haider", "Husian Haider\Husian Haider.csproj", "{18D1FCEF-0154-4063-9216-E3859EC396E6}"
EndProject
Global
	GlobalSection(SolutionConfigurationPlatforms) = preSolution
		Debug|Any CPU = Debug|Any CPU
		Release|Any CPU = Release|Any CPU
	EndGlobalSection
	GlobalSection(ProjectConfigurationPlatforms) = postSolution
		{18D1FCEF-0154-4063-9216-E3859EC396E6}.Debug|Any CPU.ActiveCfg = Debug|Any CPU
		{18D1FCEF-0154-4063-9216-E3859EC396E6}.Debug|Any CPU.Build.0 = Debug|Any CPU
		{18D1FCEF-0154-4063-9216-E3859EC396E6}.Release|Any CPU.ActiveCfg = Release|Any CPU
		{18D1FCEF-0154-4063-9216-E3859EC396E6}.Release|Any CPU.Build.0 = Release|Any CPU
	EndGlobalSection
	GlobalSection(SolutionProperties) = preSolution
		HideSolutionNode = FALSE
	EndGlobalSection
	GlobalSection(ExtensibilityGlobals) = postSolution
		SolutionGuid = {533B4072-40C4-481E-8B06-BFA9C98DA31E}
	EndGlobalSection
EndGlobal
